
Microsoft Visual Studio Solution File, Format Version 12.00
# Visual Studio Version 17
VisualStudioVersion = 17.11.35219.272
MinimumVisualStudioVersion = 10.0.40219.1
Project("{FAE04EC0-301F-11D3-BF4B-00C04F79EFBC}") = "BaiTap7a", "BaiTap7a\BaiTap7a.csproj", "{DE7AEB0B-01BC-43D7-87A7-B05653A62669}"
EndProject
Global
	GlobalSection(SolutionConfigurationPlatforms) = preSolution
		Debug|Any CPU = Debug|Any CPU
		Release|Any CPU = Release|Any CPU
	EndGlobalSection
	GlobalSection(ProjectConfigurationPlatforms) = postSolution
		{DE7AEB0B-01BC-43D7-87A7-B05653A62669}.Debug|Any CPU.ActiveCfg = Debug|Any CPU
		{DE7AEB0B-01BC-43D7-87A7-B05653A62669}.Debug|Any CPU.Build.0 = Debug|Any CPU
		{DE7AEB0B-01BC-43D7-87A7-B05653A62669}.Release|Any CPU.ActiveCfg = Release|Any CPU
		{DE7AEB0B-01BC-43D7-87A7-B05653A62669}.Release|Any CPU.Build.0 = Release|Any CPU
	EndGlobalSection
	GlobalSection(SolutionProperties) = preSolution
		HideSolutionNode = FALSE
	EndGlobalSection
	GlobalSection(ExtensibilityGlobals) = postSolution
		SolutionGuid = {27629015-FB65-4DAD-9322-6C50ED86997D}
	EndGlobalSection
EndGlobal
