
Microsoft Visual Studio Solution File, Format Version 12.00
# Visual Studio Version 17
VisualStudioVersion = 17.11.35219.272
MinimumVisualStudioVersion = 10.0.40219.1
Project("{FAE04EC0-301F-11D3-BF4B-00C04F79EFBC}") = "BaiTap05", "BaiTap05\BaiTap05.csproj", "{0453B4A9-C793-42C9-BDF3-5492C8A39C19}"
EndProject
Global
	GlobalSection(SolutionConfigurationPlatforms) = preSolution
		Debug|Any CPU = Debug|Any CPU
		Release|Any CPU = Release|Any CPU
	EndGlobalSection
	GlobalSection(ProjectConfigurationPlatforms) = postSolution
		{0453B4A9-C793-42C9-BDF3-5492C8A39C19}.Debug|Any CPU.ActiveCfg = Debug|Any CPU
		{0453B4A9-C793-42C9-BDF3-5492C8A39C19}.Debug|Any CPU.Build.0 = Debug|Any CPU
		{0453B4A9-C793-42C9-BDF3-5492C8A39C19}.Release|Any CPU.ActiveCfg = Release|Any CPU
		{0453B4A9-C793-42C9-BDF3-5492C8A39C19}.Release|Any CPU.Build.0 = Release|Any CPU
	EndGlobalSection
	GlobalSection(SolutionProperties) = preSolution
		HideSolutionNode = FALSE
	EndGlobalSection
	GlobalSection(ExtensibilityGlobals) = postSolution
		SolutionGuid = {940CB639-E6DE-4322-AD0F-7B49F7026949}
	EndGlobalSection
EndGlobal
