
Microsoft Visual Studio Solution File, Format Version 12.00
# Visual Studio Version 17
VisualStudioVersion = 17.11.35219.272
MinimumVisualStudioVersion = 10.0.40219.1
Project("{FAE04EC0-301F-11D3-BF4B-00C04F79EFBC}") = "BaiTap06", "BaiTap06\BaiTap06.csproj", "{1EE0E3F7-CD62-40CB-84E1-053A1DD04DBA}"
EndProject
Global
	GlobalSection(SolutionConfigurationPlatforms) = preSolution
		Debug|Any CPU = Debug|Any CPU
		Release|Any CPU = Release|Any CPU
	EndGlobalSection
	GlobalSection(ProjectConfigurationPlatforms) = postSolution
		{1EE0E3F7-CD62-40CB-84E1-053A1DD04DBA}.Debug|Any CPU.ActiveCfg = Debug|Any CPU
		{1EE0E3F7-CD62-40CB-84E1-053A1DD04DBA}.Debug|Any CPU.Build.0 = Debug|Any CPU
		{1EE0E3F7-CD62-40CB-84E1-053A1DD04DBA}.Release|Any CPU.ActiveCfg = Release|Any CPU
		{1EE0E3F7-CD62-40CB-84E1-053A1DD04DBA}.Release|Any CPU.Build.0 = Release|Any CPU
	EndGlobalSection
	GlobalSection(SolutionProperties) = preSolution
		HideSolutionNode = FALSE
	EndGlobalSection
	GlobalSection(ExtensibilityGlobals) = postSolution
		SolutionGuid = {62680A96-F4BE-470E-AAF9-BD0768001929}
	EndGlobalSection
EndGlobal
