
Microsoft Visual Studio Solution File, Format Version 12.00
# Visual Studio Version 17
VisualStudioVersion = 17.11.35219.272
MinimumVisualStudioVersion = 10.0.40219.1
Project("{FAE04EC0-301F-11D3-BF4B-00C04F79EFBC}") = "BangCuuChuong", "BangCuuChuong\BangCuuChuong.csproj", "{0A3179BB-3066-4657-B329-3BE2686B7745}"
EndProject
Global
	GlobalSection(SolutionConfigurationPlatforms) = preSolution
		Debug|Any CPU = Debug|Any CPU
		Release|Any CPU = Release|Any CPU
	EndGlobalSection
	GlobalSection(ProjectConfigurationPlatforms) = postSolution
		{0A3179BB-3066-4657-B329-3BE2686B7745}.Debug|Any CPU.ActiveCfg = Debug|Any CPU
		{0A3179BB-3066-4657-B329-3BE2686B7745}.Debug|Any CPU.Build.0 = Debug|Any CPU
		{0A3179BB-3066-4657-B329-3BE2686B7745}.Release|Any CPU.ActiveCfg = Release|Any CPU
		{0A3179BB-3066-4657-B329-3BE2686B7745}.Release|Any CPU.Build.0 = Release|Any CPU
	EndGlobalSection
	GlobalSection(SolutionProperties) = preSolution
		HideSolutionNode = FALSE
	EndGlobalSection
	GlobalSection(ExtensibilityGlobals) = postSolution
		SolutionGuid = {8AF93490-FED2-497F-AD5B-FE66EB3AD27E}
	EndGlobalSection
EndGlobal
